
Microsoft Visual Studio Solution File, Format Version 12.00
# Visual Studio Version 16
VisualStudioVersion = 16.0.30804.86
MinimumVisualStudioVersion = 10.0.40219.1
Project("{FAE04EC0-301F-11D3-BF4B-00C04F79EFBC}") = "FileWork3_pedanticCleaner", "FileWork3_pedanticCleaner\FileWork3_pedanticCleaner.csproj", "{4E2E2737-EF1B-4F37-8707-7E508F1B7481}"
EndProject
Global
	GlobalSection(SolutionConfigurationPlatforms) = preSolution
		Debug|Any CPU = Debug|Any CPU
		Release|Any CPU = Release|Any CPU
	EndGlobalSection
	GlobalSection(ProjectConfigurationPlatforms) = postSolution
		{4E2E2737-EF1B-4F37-8707-7E508F1B7481}.Debug|Any CPU.ActiveCfg = Debug|Any CPU
		{4E2E2737-EF1B-4F37-8707-7E508F1B7481}.Debug|Any CPU.Build.0 = Debug|Any CPU
		{4E2E2737-EF1B-4F37-8707-7E508F1B7481}.Release|Any CPU.ActiveCfg = Release|Any CPU
		{4E2E2737-EF1B-4F37-8707-7E508F1B7481}.Release|Any CPU.Build.0 = Release|Any CPU
	EndGlobalSection
	GlobalSection(SolutionProperties) = preSolution
		HideSolutionNode = FALSE
	EndGlobalSection
	GlobalSection(ExtensibilityGlobals) = postSolution
		SolutionGuid = {FBD106EB-DE88-4C9D-A73F-161E8DF66151}
	EndGlobalSection
EndGlobal
